
Microsoft Visual Studio Solution File, Format Version 12.00
# Visual Studio Version 17
VisualStudioVersion = 17.3.32922.545
MinimumVisualStudioVersion = 10.0.40219.1
Project("{FAE04EC0-301F-11D3-BF4B-00C04F79EFBC}") = "ASP MVC Lesson_3", "ASP MVC Lesson_3.csproj", "{EC2D4872-A3F8-4D7A-B547-3AFDC93DCF79}"
EndProject
Global
	GlobalSection(SolutionConfigurationPlatforms) = preSolution
		Debug|Any CPU = Debug|Any CPU
		Release|Any CPU = Release|Any CPU
	EndGlobalSection
	GlobalSection(ProjectConfigurationPlatforms) = postSolution
		{EC2D4872-A3F8-4D7A-B547-3AFDC93DCF79}.Debug|Any CPU.ActiveCfg = Debug|Any CPU
		{EC2D4872-A3F8-4D7A-B547-3AFDC93DCF79}.Debug|Any CPU.Build.0 = Debug|Any CPU
		{EC2D4872-A3F8-4D7A-B547-3AFDC93DCF79}.Release|Any CPU.ActiveCfg = Release|Any CPU
		{EC2D4872-A3F8-4D7A-B547-3AFDC93DCF79}.Release|Any CPU.Build.0 = Release|Any CPU
	EndGlobalSection
	GlobalSection(SolutionProperties) = preSolution
		HideSolutionNode = FALSE
	EndGlobalSection
	GlobalSection(ExtensibilityGlobals) = postSolution
		SolutionGuid = {97D818AD-E0F6-4FF9-87C1-1D9F1F3AE59F}
	EndGlobalSection
EndGlobal
